
Microsoft Visual Studio Solution File, Format Version 12.00
# Visual Studio Version 17
VisualStudioVersion = 17.7.34202.233
MinimumVisualStudioVersion = 10.0.40219.1
Project("{FAE04EC0-301F-11D3-BF4B-00C04F79EFBC}") = "Encuestas", "Encuestas\Encuestas.csproj", "{4A6570F5-7CEC-4DEA-BBDF-EA64F276BAE2}"
EndProject
Global
	GlobalSection(SolutionConfigurationPlatforms) = preSolution
		Debug|Any CPU = Debug|Any CPU
		Release|Any CPU = Release|Any CPU
	EndGlobalSection
	GlobalSection(ProjectConfigurationPlatforms) = postSolution
		{4A6570F5-7CEC-4DEA-BBDF-EA64F276BAE2}.Debug|Any CPU.ActiveCfg = Debug|Any CPU
		{4A6570F5-7CEC-4DEA-BBDF-EA64F276BAE2}.Debug|Any CPU.Build.0 = Debug|Any CPU
		{4A6570F5-7CEC-4DEA-BBDF-EA64F276BAE2}.Release|Any CPU.ActiveCfg = Release|Any CPU
		{4A6570F5-7CEC-4DEA-BBDF-EA64F276BAE2}.Release|Any CPU.Build.0 = Release|Any CPU
	EndGlobalSection
	GlobalSection(SolutionProperties) = preSolution
		HideSolutionNode = FALSE
	EndGlobalSection
	GlobalSection(ExtensibilityGlobals) = postSolution
		SolutionGuid = {51D70D03-616C-4C4A-8597-9AACFC4CB285}
	EndGlobalSection
EndGlobal
